// !$*UTF8*$!
{
	archiveVersion = 1;
	classes = {
	};
	objectVersion = 56;
	objects = {

/* Begin PBXBuildFile section */
		E356C7DC2AB8792600087E54 /* KeysAPI.swift in Sources */ = {isa = PBXBuildFile; fileRef = E356C7DB2AB8792600087E54 /* KeysAPI.swift */; };
		E3B417D82AB0A41400B84129 /* CurrencyView.swift in Sources */ = {isa = PBXBuildFile; fileRef = E3B417D72AB0A41400B84129 /* CurrencyView.swift */; };
		E3B417DA2AB0B1C900B84129 /* WeatherView.swift in Sources */ = {isa = PBXBuildFile; fileRef = E3B417D92AB0B1C900B84129 /* WeatherView.swift */; };
		E3B417DC2AB0B22400B84129 /* TabBarView.swift in Sources */ = {isa = PBXBuildFile; fileRef = E3B417DB2AB0B22400B84129 /* TabBarView.swift */; };
		E3B417E12AB0C1A300B84129 /* sun.mp4 in Resources */ = {isa = PBXBuildFile; fileRef = E3B417DE2AB0C1A300B84129 /* sun.mp4 */; };
		E3B417E22AB0C1A300B84129 /* rain.mp4 in Resources */ = {isa = PBXBuildFile; fileRef = E3B417DF2AB0C1A300B84129 /* rain.mp4 */; };
		E3B417E32AB0C1A300B84129 /* cloud.mp4 in Resources */ = {isa = PBXBuildFile; fileRef = E3B417E02AB0C1A300B84129 /* cloud.mp4 */; };
		E3B417E82AB0D7C700B84129 /* CurrencyViewModel.swift in Sources */ = {isa = PBXBuildFile; fileRef = E3B417E72AB0D7C700B84129 /* CurrencyViewModel.swift */; };
		E3B4C2D72AC34D7E00BBA770 /* TraductionResponse.swift in Sources */ = {isa = PBXBuildFile; fileRef = E3B4C2D62AC34D7E00BBA770 /* TraductionResponse.swift */; };
		E3B4C2D92AC352F700BBA770 /* TraductionAPI.swift in Sources */ = {isa = PBXBuildFile; fileRef = E3B4C2D82AC352F700BBA770 /* TraductionAPI.swift */; };
		E3B4C2DB2AC3550B00BBA770 /* TraductionViewModel.swift in Sources */ = {isa = PBXBuildFile; fileRef = E3B4C2DA2AC3550B00BBA770 /* TraductionViewModel.swift */; };
		E3B4C2E22AC5C0CB00BBA770 /* FixerApi.swift in Sources */ = {isa = PBXBuildFile; fileRef = E3B4C2E12AC5C0CB00BBA770 /* FixerApi.swift */; };
		E3B4C2E52AC5C11F00BBA770 /* CurrencyRepository.swift in Sources */ = {isa = PBXBuildFile; fileRef = E3B4C2E42AC5C11F00BBA770 /* CurrencyRepository.swift */; };
		E3B4C2E82AC5C1D200BBA770 /* FixerModel.swift in Sources */ = {isa = PBXBuildFile; fileRef = E3B4C2E72AC5C1D200BBA770 /* FixerModel.swift */; };
		E3E049872A9E3F0900675F67 /* LeBaluchonApp.swift in Sources */ = {isa = PBXBuildFile; fileRef = E3E049862A9E3F0900675F67 /* LeBaluchonApp.swift */; };
		E3E049892A9E3F0900675F67 /* ContentView.swift in Sources */ = {isa = PBXBuildFile; fileRef = E3E049882A9E3F0900675F67 /* ContentView.swift */; };
		E3E0498B2A9E3F0A00675F67 /* Assets.xcassets in Resources */ = {isa = PBXBuildFile; fileRef = E3E0498A2A9E3F0A00675F67 /* Assets.xcassets */; };
		E3E0498E2A9E3F0A00675F67 /* Preview Assets.xcassets in Resources */ = {isa = PBXBuildFile; fileRef = E3E0498D2A9E3F0A00675F67 /* Preview Assets.xcassets */; };
		E3E049982A9E3F0A00675F67 /* LeBaluchonTests.swift in Sources */ = {isa = PBXBuildFile; fileRef = E3E049972A9E3F0A00675F67 /* LeBaluchonTests.swift */; };
		E3E049A22A9E3F0A00675F67 /* LeBaluchonUITests.swift in Sources */ = {isa = PBXBuildFile; fileRef = E3E049A12A9E3F0A00675F67 /* LeBaluchonUITests.swift */; };
		E3E049A42A9E3F0A00675F67 /* LeBaluchonUITestsLaunchTests.swift in Sources */ = {isa = PBXBuildFile; fileRef = E3E049A32A9E3F0A00675F67 /* LeBaluchonUITestsLaunchTests.swift */; };
		E3E049B12A9E453900675F67 /* TraductionView.swift in Sources */ = {isa = PBXBuildFile; fileRef = E3E049B02A9E453900675F67 /* TraductionView.swift */; };
		E3E049B32A9E549600675F67 /* CustomColor.swift in Sources */ = {isa = PBXBuildFile; fileRef = E3E049B22A9E549600675F67 /* CustomColor.swift */; };
		E3EEB19B2AE739C40080E53A /* OpenWeatherApi.swift in Sources */ = {isa = PBXBuildFile; fileRef = E3EEB19A2AE739C40080E53A /* OpenWeatherApi.swift */; };
		E3EEB19D2AE73F5E0080E53A /* WeatherRepository.swift in Sources */ = {isa = PBXBuildFile; fileRef = E3EEB19C2AE73F5E0080E53A /* WeatherRepository.swift */; };
		E3EEB19F2AE73FF60080E53A /* OpenWeatherModel.swift in Sources */ = {isa = PBXBuildFile; fileRef = E3EEB19E2AE73FF60080E53A /* OpenWeatherModel.swift */; };
		E3EEB1A12AE7EA090080E53A /* WeatherViewModel.swift in Sources */ = {isa = PBXBuildFile; fileRef = E3EEB1A02AE7EA090080E53A /* WeatherViewModel.swift */; };
		E3EEB1A62AE908E70080E53A /* DeeplApi.swift in Sources */ = {isa = PBXBuildFile; fileRef = E3EEB1A52AE908E70080E53A /* DeeplApi.swift */; };
/* End PBXBuildFile section */

/* Begin PBXContainerItemProxy section */
		E3E049942A9E3F0A00675F67 /* PBXContainerItemProxy */ = {
			isa = PBXContainerItemProxy;
			containerPortal = E3E0497B2A9E3F0900675F67 /* Project object */;
			proxyType = 1;
			remoteGlobalIDString = E3E049822A9E3F0900675F67;
			remoteInfo = LeBaluchon;
		};
		E3E0499E2A9E3F0A00675F67 /* PBXContainerItemProxy */ = {
			isa = PBXContainerItemProxy;
			containerPortal = E3E0497B2A9E3F0900675F67 /* Project object */;
			proxyType = 1;
			remoteGlobalIDString = E3E049822A9E3F0900675F67;
			remoteInfo = LeBaluchon;
		};
/* End PBXContainerItemProxy section */

/* Begin PBXFileReference section */
		E356C7DB2AB8792600087E54 /* KeysAPI.swift */ = {isa = PBXFileReference; lastKnownFileType = sourcecode.swift; path = KeysAPI.swift; sourceTree = "<group>"; };
		E3B417D72AB0A41400B84129 /* CurrencyView.swift */ = {isa = PBXFileReference; lastKnownFileType = sourcecode.swift; path = CurrencyView.swift; sourceTree = "<group>"; };
		E3B417D92AB0B1C900B84129 /* WeatherView.swift */ = {isa = PBXFileReference; lastKnownFileType = sourcecode.swift; path = WeatherView.swift; sourceTree = "<group>"; };
		E3B417DB2AB0B22400B84129 /* TabBarView.swift */ = {isa = PBXFileReference; lastKnownFileType = sourcecode.swift; path = TabBarView.swift; sourceTree = "<group>"; };
		E3B417DE2AB0C1A300B84129 /* sun.mp4 */ = {isa = PBXFileReference; lastKnownFileType = file; path = sun.mp4; sourceTree = "<group>"; };
		E3B417DF2AB0C1A300B84129 /* rain.mp4 */ = {isa = PBXFileReference; lastKnownFileType = file; path = rain.mp4; sourceTree = "<group>"; };
		E3B417E02AB0C1A300B84129 /* cloud.mp4 */ = {isa = PBXFileReference; lastKnownFileType = file; path = cloud.mp4; sourceTree = "<group>"; };
		E3B417E72AB0D7C700B84129 /* CurrencyViewModel.swift */ = {isa = PBXFileReference; lastKnownFileType = sourcecode.swift; path = CurrencyViewModel.swift; sourceTree = "<group>"; };
		E3B4C2D62AC34D7E00BBA770 /* TraductionResponse.swift */ = {isa = PBXFileReference; lastKnownFileType = sourcecode.swift; path = TraductionResponse.swift; sourceTree = "<group>"; };
		E3B4C2D82AC352F700BBA770 /* TraductionAPI.swift */ = {isa = PBXFileReference; lastKnownFileType = sourcecode.swift; path = TraductionAPI.swift; sourceTree = "<group>"; };
		E3B4C2DA2AC3550B00BBA770 /* TraductionViewModel.swift */ = {isa = PBXFileReference; lastKnownFileType = sourcecode.swift; path = TraductionViewModel.swift; sourceTree = "<group>"; };
		E3B4C2DC2AC36FAD00BBA770 /* Info.plist */ = {isa = PBXFileReference; lastKnownFileType = text.plist; path = Info.plist; sourceTree = "<group>"; };
		E3B4C2E12AC5C0CB00BBA770 /* FixerApi.swift */ = {isa = PBXFileReference; lastKnownFileType = sourcecode.swift; path = FixerApi.swift; sourceTree = "<group>"; };
		E3B4C2E42AC5C11F00BBA770 /* CurrencyRepository.swift */ = {isa = PBXFileReference; lastKnownFileType = sourcecode.swift; path = CurrencyRepository.swift; sourceTree = "<group>"; };
		E3B4C2E72AC5C1D200BBA770 /* FixerModel.swift */ = {isa = PBXFileReference; lastKnownFileType = sourcecode.swift; path = FixerModel.swift; sourceTree = "<group>"; };
		E3E049832A9E3F0900675F67 /* LeBaluchon.app */ = {isa = PBXFileReference; explicitFileType = wrapper.application; includeInIndex = 0; path = LeBaluchon.app; sourceTree = BUILT_PRODUCTS_DIR; };
		E3E049862A9E3F0900675F67 /* LeBaluchonApp.swift */ = {isa = PBXFileReference; lastKnownFileType = sourcecode.swift; path = LeBaluchonApp.swift; sourceTree = "<group>"; };
		E3E049882A9E3F0900675F67 /* ContentView.swift */ = {isa = PBXFileReference; lastKnownFileType = sourcecode.swift; path = ContentView.swift; sourceTree = "<group>"; };
		E3E0498A2A9E3F0A00675F67 /* Assets.xcassets */ = {isa = PBXFileReference; lastKnownFileType = folder.assetcatalog; path = Assets.xcassets; sourceTree = "<group>"; };
		E3E0498D2A9E3F0A00675F67 /* Preview Assets.xcassets */ = {isa = PBXFileReference; lastKnownFileType = folder.assetcatalog; path = "Preview Assets.xcassets"; sourceTree = "<group>"; };
		E3E049932A9E3F0A00675F67 /* LeBaluchonTests.xctest */ = {isa = PBXFileReference; explicitFileType = wrapper.cfbundle; includeInIndex = 0; path = LeBaluchonTests.xctest; sourceTree = BUILT_PRODUCTS_DIR; };
		E3E049972A9E3F0A00675F67 /* LeBaluchonTests.swift */ = {isa = PBXFileReference; lastKnownFileType = sourcecode.swift; path = LeBaluchonTests.swift; sourceTree = "<group>"; };
		E3E0499D2A9E3F0A00675F67 /* LeBaluchonUITests.xctest */ = {isa = PBXFileReference; explicitFileType = wrapper.cfbundle; includeInIndex = 0; path = LeBaluchonUITests.xctest; sourceTree = BUILT_PRODUCTS_DIR; };
		E3E049A12A9E3F0A00675F67 /* LeBaluchonUITests.swift */ = {isa = PBXFileReference; lastKnownFileType = sourcecode.swift; path = LeBaluchonUITests.swift; sourceTree = "<group>"; };
		E3E049A32A9E3F0A00675F67 /* LeBaluchonUITestsLaunchTests.swift */ = {isa = PBXFileReference; lastKnownFileType = sourcecode.swift; path = LeBaluchonUITestsLaunchTests.swift; sourceTree = "<group>"; };
		E3E049B02A9E453900675F67 /* TraductionView.swift */ = {isa = PBXFileReference; lastKnownFileType = sourcecode.swift; path = TraductionView.swift; sourceTree = "<group>"; };
		E3E049B22A9E549600675F67 /* CustomColor.swift */ = {isa = PBXFileReference; lastKnownFileType = sourcecode.swift; path = CustomColor.swift; sourceTree = "<group>"; };
		E3EEB19A2AE739C40080E53A /* OpenWeatherApi.swift */ = {isa = PBXFileReference; lastKnownFileType = sourcecode.swift; path = OpenWeatherApi.swift; sourceTree = "<group>"; };
		E3EEB19C2AE73F5E0080E53A /* WeatherRepository.swift */ = {isa = PBXFileReference; lastKnownFileType = sourcecode.swift; path = WeatherRepository.swift; sourceTree = "<group>"; };
		E3EEB19E2AE73FF60080E53A /* OpenWeatherModel.swift */ = {isa = PBXFileReference; lastKnownFileType = sourcecode.swift; path = OpenWeatherModel.swift; sourceTree = "<group>"; };
		E3EEB1A02AE7EA090080E53A /* WeatherViewModel.swift */ = {isa = PBXFileReference; lastKnownFileType = sourcecode.swift; path = WeatherViewModel.swift; sourceTree = "<group>"; };
		E3EEB1A52AE908E70080E53A /* DeeplApi.swift */ = {isa = PBXFileReference; lastKnownFileType = sourcecode.swift; path = DeeplApi.swift; sourceTree = "<group>"; };
/* End PBXFileReference section */

/* Begin PBXFrameworksBuildPhase section */
		E3E049802A9E3F0900675F67 /* Frameworks */ = {
			isa = PBXFrameworksBuildPhase;
			buildActionMask = 2147483647;
			files = (
			);
			runOnlyForDeploymentPostprocessing = 0;
		};
		E3E049902A9E3F0A00675F67 /* Frameworks */ = {
			isa = PBXFrameworksBuildPhase;
			buildActionMask = 2147483647;
			files = (
			);
			runOnlyForDeploymentPostprocessing = 0;
		};
		E3E0499A2A9E3F0A00675F67 /* Frameworks */ = {
			isa = PBXFrameworksBuildPhase;
			buildActionMask = 2147483647;
			files = (
			);
			runOnlyForDeploymentPostprocessing = 0;
		};
/* End PBXFrameworksBuildPhase section */

/* Begin PBXGroup section */
		E3B417DD2AB0C1A300B84129 /* video */ = {
			isa = PBXGroup;
			children = (
				E3B417DE2AB0C1A300B84129 /* sun.mp4 */,
				E3B417DF2AB0C1A300B84129 /* rain.mp4 */,
				E3B417E02AB0C1A300B84129 /* cloud.mp4 */,
			);
			path = video;
			sourceTree = "<group>";
		};
		E3B417E42AB0C37300B84129 /* Weather */ = {
			isa = PBXGroup;
			children = (
				E3B417D92AB0B1C900B84129 /* WeatherView.swift */,
				E3EEB1A02AE7EA090080E53A /* WeatherViewModel.swift */,
			);
			path = Weather;
			sourceTree = "<group>";
		};
		E3B417E52AB0C38300B84129 /* Currency */ = {
			isa = PBXGroup;
			children = (
				E3B417D72AB0A41400B84129 /* CurrencyView.swift */,
				E3B417E72AB0D7C700B84129 /* CurrencyViewModel.swift */,
			);
			path = Currency;
			sourceTree = "<group>";
		};
		E3B417E62AB0C39100B84129 /* Traduction */ = {
			isa = PBXGroup;
			children = (
				E3E049B02A9E453900675F67 /* TraductionView.swift */,
				E3B4C2DA2AC3550B00BBA770 /* TraductionViewModel.swift */,
			);
			path = Traduction;
			sourceTree = "<group>";
		};
		E3B4C2DD2AC5BDAB00BBA770 /* Infrastructure */ = {
			isa = PBXGroup;
			children = (
				E3B4C2DF2AC5C0A700BBA770 /* Api */,
			);
			path = Infrastructure;
			sourceTree = "<group>";
		};
		E3B4C2DF2AC5C0A700BBA770 /* Api */ = {
			isa = PBXGroup;
			children = (
				E3EEB1A22AE9087C0080E53A /* Deepl */,
				E3EEB1972AE7396D0080E53A /* OpenWeather */,
				E3B4C2E92AC5C33300BBA770 /* Fixer */,
			);
			path = Api;
			sourceTree = "<group>";
		};
		E3B4C2E32AC5C10500BBA770 /* Repository */ = {
			isa = PBXGroup;
			children = (
				E3B4C2E42AC5C11F00BBA770 /* CurrencyRepository.swift */,
			);
			path = Repository;
			sourceTree = "<group>";
		};
		E3B4C2E62AC5C1B700BBA770 /* Model */ = {
			isa = PBXGroup;
			children = (
				E3B4C2E72AC5C1D200BBA770 /* FixerModel.swift */,
			);
			path = Model;
			sourceTree = "<group>";
		};
		E3B4C2E92AC5C33300BBA770 /* Fixer */ = {
			isa = PBXGroup;
			children = (
				E3B4C2E62AC5C1B700BBA770 /* Model */,
				E3B4C2E32AC5C10500BBA770 /* Repository */,
				E3B4C2E12AC5C0CB00BBA770 /* FixerApi.swift */,
			);
			path = Fixer;
			sourceTree = "<group>";
		};
		E3E0497A2A9E3F0900675F67 = {
			isa = PBXGroup;
			children = (
				E3E049852A9E3F0900675F67 /* LeBaluchon */,
				E3E049962A9E3F0A00675F67 /* LeBaluchonTests */,
				E3E049A02A9E3F0A00675F67 /* LeBaluchonUITests */,
				E3E049842A9E3F0900675F67 /* Products */,
			);
			sourceTree = "<group>";
		};
		E3E049842A9E3F0900675F67 /* Products */ = {
			isa = PBXGroup;
			children = (
				E3E049832A9E3F0900675F67 /* LeBaluchon.app */,
				E3E049932A9E3F0A00675F67 /* LeBaluchonTests.xctest */,
				E3E0499D2A9E3F0A00675F67 /* LeBaluchonUITests.xctest */,
			);
			name = Products;
			sourceTree = "<group>";
		};
		E3E049852A9E3F0900675F67 /* LeBaluchon */ = {
			isa = PBXGroup;
			children = (
				E3B4C2DD2AC5BDAB00BBA770 /* Infrastructure */,
				E3B4C2DC2AC36FAD00BBA770 /* Info.plist */,
				E3B417E62AB0C39100B84129 /* Traduction */,
				E3B417E52AB0C38300B84129 /* Currency */,
				E3B417E42AB0C37300B84129 /* Weather */,
				E3B417DD2AB0C1A300B84129 /* video */,
				E3E049862A9E3F0900675F67 /* LeBaluchonApp.swift */,
				E3E049882A9E3F0900675F67 /* ContentView.swift */,
				E3E0498A2A9E3F0A00675F67 /* Assets.xcassets */,
				E3E0498C2A9E3F0A00675F67 /* Preview Content */,
				E3E049B22A9E549600675F67 /* CustomColor.swift */,
				E3B417DB2AB0B22400B84129 /* TabBarView.swift */,
				E356C7DB2AB8792600087E54 /* KeysAPI.swift */,
			);
			path = LeBaluchon;
			sourceTree = "<group>";
		};
		E3E0498C2A9E3F0A00675F67 /* Preview Content */ = {
			isa = PBXGroup;
			children = (
				E3E0498D2A9E3F0A00675F67 /* Preview Assets.xcassets */,
			);
			path = "Preview Content";
			sourceTree = "<group>";
		};
		E3E049962A9E3F0A00675F67 /* LeBaluchonTests */ = {
			isa = PBXGroup;
			children = (
				E3E049972A9E3F0A00675F67 /* LeBaluchonTests.swift */,
			);
			path = LeBaluchonTests;
			sourceTree = "<group>";
		};
		E3E049A02A9E3F0A00675F67 /* LeBaluchonUITests */ = {
			isa = PBXGroup;
			children = (
				E3E049A12A9E3F0A00675F67 /* LeBaluchonUITests.swift */,
				E3E049A32A9E3F0A00675F67 /* LeBaluchonUITestsLaunchTests.swift */,
			);
			path = LeBaluchonUITests;
			sourceTree = "<group>";
		};
		E3EEB1972AE7396D0080E53A /* OpenWeather */ = {
			isa = PBXGroup;
			children = (
				E3EEB1982AE7398D0080E53A /* Model */,
				E3EEB1992AE739A00080E53A /* Repository */,
				E3EEB19A2AE739C40080E53A /* OpenWeatherApi.swift */,
			);
			path = OpenWeather;
			sourceTree = "<group>";
		};
		E3EEB1982AE7398D0080E53A /* Model */ = {
			isa = PBXGroup;
			children = (
				E3EEB19E2AE73FF60080E53A /* OpenWeatherModel.swift */,
			);
			path = Model;
			sourceTree = "<group>";
		};
		E3EEB1992AE739A00080E53A /* Repository */ = {
			isa = PBXGroup;
			children = (
				E3EEB19C2AE73F5E0080E53A /* WeatherRepository.swift */,
			);
			path = Repository;
			sourceTree = "<group>";
		};
		E3EEB1A22AE9087C0080E53A /* Deepl */ = {
			isa = PBXGroup;
			children = (
				E3EEB1A42AE908920080E53A /* Model */,
				E3EEB1A32AE908880080E53A /* Repository */,
				E3EEB1A52AE908E70080E53A /* DeeplApi.swift */,
			);
			path = Deepl;
			sourceTree = "<group>";
		};
		E3EEB1A32AE908880080E53A /* Repository */ = {
			isa = PBXGroup;
			children = (
				E3B4C2D82AC352F700BBA770 /* TraductionAPI.swift */,
			);
			path = Repository;
			sourceTree = "<group>";
		};
		E3EEB1A42AE908920080E53A /* Model */ = {
			isa = PBXGroup;
			children = (
				E3B4C2D62AC34D7E00BBA770 /* TraductionResponse.swift */,
			);
			path = Model;
			sourceTree = "<group>";
		};
/* End PBXGroup section */

/* Begin PBXNativeTarget section */
		E3E049822A9E3F0900675F67 /* LeBaluchon */ = {
			isa = PBXNativeTarget;
			buildConfigurationList = E3E049A72A9E3F0A00675F67 /* Build configuration list for PBXNativeTarget "LeBaluchon" */;
			buildPhases = (
				E3E0497F2A9E3F0900675F67 /* Sources */,
				E3E049802A9E3F0900675F67 /* Frameworks */,
				E3E049812A9E3F0900675F67 /* Resources */,
			);
			buildRules = (
			);
			dependencies = (
			);
			name = LeBaluchon;
			productName = LeBaluchon;
			productReference = E3E049832A9E3F0900675F67 /* LeBaluchon.app */;
			productType = "com.apple.product-type.application";
		};
		E3E049922A9E3F0A00675F67 /* LeBaluchonTests */ = {
			isa = PBXNativeTarget;
			buildConfigurationList = E3E049AA2A9E3F0A00675F67 /* Build configuration list for PBXNativeTarget "LeBaluchonTests" */;
			buildPhases = (
				E3E0498F2A9E3F0A00675F67 /* Sources */,
				E3E049902A9E3F0A00675F67 /* Frameworks */,
				E3E049912A9E3F0A00675F67 /* Resources */,
			);
			buildRules = (
			);
			dependencies = (
				E3E049952A9E3F0A00675F67 /* PBXTargetDependency */,
			);
			name = LeBaluchonTests;
			productName = LeBaluchonTests;
			productReference = E3E049932A9E3F0A00675F67 /* LeBaluchonTests.xctest */;
			productType = "com.apple.product-type.bundle.unit-test";
		};
		E3E0499C2A9E3F0A00675F67 /* LeBaluchonUITests */ = {
			isa = PBXNativeTarget;
			buildConfigurationList = E3E049AD2A9E3F0A00675F67 /* Build configuration list for PBXNativeTarget "LeBaluchonUITests" */;
			buildPhases = (
				E3E049992A9E3F0A00675F67 /* Sources */,
				E3E0499A2A9E3F0A00675F67 /* Frameworks */,
				E3E0499B2A9E3F0A00675F67 /* Resources */,
			);
			buildRules = (
			);
			dependencies = (
				E3E0499F2A9E3F0A00675F67 /* PBXTargetDependency */,
			);
			name = LeBaluchonUITests;
			productName = LeBaluchonUITests;
			productReference = E3E0499D2A9E3F0A00675F67 /* LeBaluchonUITests.xctest */;
			productType = "com.apple.product-type.bundle.ui-testing";
		};
/* End PBXNativeTarget section */

/* Begin PBXProject section */
		E3E0497B2A9E3F0900675F67 /* Project object */ = {
			isa = PBXProject;
			attributes = {
				BuildIndependentTargetsInParallel = 1;
				LastSwiftUpdateCheck = 1430;
				LastUpgradeCheck = 1430;
				TargetAttributes = {
					E3E049822A9E3F0900675F67 = {
						CreatedOnToolsVersion = 14.3.1;
					};
					E3E049922A9E3F0A00675F67 = {
						CreatedOnToolsVersion = 14.3.1;
						TestTargetID = E3E049822A9E3F0900675F67;
					};
					E3E0499C2A9E3F0A00675F67 = {
						CreatedOnToolsVersion = 14.3.1;
						TestTargetID = E3E049822A9E3F0900675F67;
					};
				};
			};
			buildConfigurationList = E3E0497E2A9E3F0900675F67 /* Build configuration list for PBXProject "LeBaluchon" */;
			compatibilityVersion = "Xcode 14.0";
			developmentRegion = en;
			hasScannedForEncodings = 0;
			knownRegions = (
				en,
				Base,
			);
			mainGroup = E3E0497A2A9E3F0900675F67;
			productRefGroup = E3E049842A9E3F0900675F67 /* Products */;
			projectDirPath = "";
			projectRoot = "";
			targets = (
				E3E049822A9E3F0900675F67 /* LeBaluchon */,
				E3E049922A9E3F0A00675F67 /* LeBaluchonTests */,
				E3E0499C2A9E3F0A00675F67 /* LeBaluchonUITests */,
			);
		};
/* End PBXProject section */

/* Begin PBXResourcesBuildPhase section */
		E3E049812A9E3F0900675F67 /* Resources */ = {
			isa = PBXResourcesBuildPhase;
			buildActionMask = 2147483647;
			files = (
				E3B417E12AB0C1A300B84129 /* sun.mp4 in Resources */,
				E3B417E22AB0C1A300B84129 /* rain.mp4 in Resources */,
				E3E0498E2A9E3F0A00675F67 /* Preview Assets.xcassets in Resources */,
				E3B417E32AB0C1A300B84129 /* cloud.mp4 in Resources */,
				E3E0498B2A9E3F0A00675F67 /* Assets.xcassets in Resources */,
			);
			runOnlyForDeploymentPostprocessing = 0;
		};
		E3E049912A9E3F0A00675F67 /* Resources */ = {
			isa = PBXResourcesBuildPhase;
			buildActionMask = 2147483647;
			files = (
			);
			runOnlyForDeploymentPostprocessing = 0;
		};
		E3E0499B2A9E3F0A00675F67 /* Resources */ = {
			isa = PBXResourcesBuildPhase;
			buildActionMask = 2147483647;
			files = (
			);
			runOnlyForDeploymentPostprocessing = 0;
		};
/* End PBXResourcesBuildPhase section */

/* Begin PBXSourcesBuildPhase section */
		E3E0497F2A9E3F0900675F67 /* Sources */ = {
			isa = PBXSourcesBuildPhase;
			buildActionMask = 2147483647;
			files = (
				E3EEB19D2AE73F5E0080E53A /* WeatherRepository.swift in Sources */,
				E3EEB1A62AE908E70080E53A /* DeeplApi.swift in Sources */,
				E356C7DC2AB8792600087E54 /* KeysAPI.swift in Sources */,
				E3E049892A9E3F0900675F67 /* ContentView.swift in Sources */,
				E3B417E82AB0D7C700B84129 /* CurrencyViewModel.swift in Sources */,
				E3B4C2D72AC34D7E00BBA770 /* TraductionResponse.swift in Sources */,
				E3B4C2E22AC5C0CB00BBA770 /* FixerApi.swift in Sources */,
				E3EEB19F2AE73FF60080E53A /* OpenWeatherModel.swift in Sources */,
				E3B417D82AB0A41400B84129 /* CurrencyView.swift in Sources */,
				E3B417DC2AB0B22400B84129 /* TabBarView.swift in Sources */,
				E3B4C2DB2AC3550B00BBA770 /* TraductionViewModel.swift in Sources */,
				E3E049872A9E3F0900675F67 /* LeBaluchonApp.swift in Sources */,
				E3B417DA2AB0B1C900B84129 /* WeatherView.swift in Sources */,
				E3E049B32A9E549600675F67 /* CustomColor.swift in Sources */,
				E3B4C2D92AC352F700BBA770 /* TraductionAPI.swift in Sources */,
				E3EEB19B2AE739C40080E53A /* OpenWeatherApi.swift in Sources */,
				E3EEB1A12AE7EA090080E53A /* WeatherViewModel.swift in Sources */,
				E3B4C2E52AC5C11F00BBA770 /* CurrencyRepository.swift in Sources */,
				E3E049B12A9E453900675F67 /* TraductionView.swift in Sources */,
				E3B4C2E82AC5C1D200BBA770 /* FixerModel.swift in Sources */,
			);
			runOnlyForDeploymentPostprocessing = 0;
		};
		E3E0498F2A9E3F0A00675F67 /* Sources */ = {
			isa = PBXSourcesBuildPhase;
			buildActionMask = 2147483647;
			files = (
				E3E049982A9E3F0A00675F67 /* LeBaluchonTests.swift in Sources */,
			);
			runOnlyForDeploymentPostprocessing = 0;
		};
		E3E049992A9E3F0A00675F67 /* Sources */ = {
			isa = PBXSourcesBuildPhase;
			buildActionMask = 2147483647;
			files = (
				E3E049A22A9E3F0A00675F67 /* LeBaluchonUITests.swift in Sources */,
				E3E049A42A9E3F0A00675F67 /* LeBaluchonUITestsLaunchTests.swift in Sources */,
			);
			runOnlyForDeploymentPostprocessing = 0;
		};
/* End PBXSourcesBuildPhase section */

/* Begin PBXTargetDependency section */
		E3E049952A9E3F0A00675F67 /* PBXTargetDependency */ = {
			isa = PBXTargetDependency;
			target = E3E049822A9E3F0900675F67 /* LeBaluchon */;
			targetProxy = E3E049942A9E3F0A00675F67 /* PBXContainerItemProxy */;
		};
		E3E0499F2A9E3F0A00675F67 /* PBXTargetDependency */ = {
			isa = PBXTargetDependency;
			target = E3E049822A9E3F0900675F67 /* LeBaluchon */;
			targetProxy = E3E0499E2A9E3F0A00675F67 /* PBXContainerItemProxy */;
		};
/* End PBXTargetDependency section */

/* Begin XCBuildConfiguration section */
		E3E049A52A9E3F0A00675F67 /* Debug */ = {
			isa = XCBuildConfiguration;
			buildSettings = {
				ALWAYS_SEARCH_USER_PATHS = NO;
				CLANG_ANALYZER_NONNULL = YES;
				CLANG_ANALYZER_NUMBER_OBJECT_CONVERSION = YES_AGGRESSIVE;
				CLANG_CXX_LANGUAGE_STANDARD = "gnu++20";
				CLANG_ENABLE_MODULES = YES;
				CLANG_ENABLE_OBJC_ARC = YES;
				CLANG_ENABLE_OBJC_WEAK = YES;
				CLANG_WARN_BLOCK_CAPTURE_AUTORELEASING = YES;
				CLANG_WARN_BOOL_CONVERSION = YES;
				CLANG_WARN_COMMA = YES;
				CLANG_WARN_CONSTANT_CONVERSION = YES;
				CLANG_WARN_DEPRECATED_OBJC_IMPLEMENTATIONS = YES;
				CLANG_WARN_DIRECT_OBJC_ISA_USAGE = YES_ERROR;
				CLANG_WARN_DOCUMENTATION_COMMENTS = YES;
				CLANG_WARN_EMPTY_BODY = YES;
				CLANG_WARN_ENUM_CONVERSION = YES;
				CLANG_WARN_INFINITE_RECURSION = YES;
				CLANG_WARN_INT_CONVERSION = YES;
				CLANG_WARN_NON_LITERAL_NULL_CONVERSION = YES;
				CLANG_WARN_OBJC_IMPLICIT_RETAIN_SELF = YES;
				CLANG_WARN_OBJC_LITERAL_CONVERSION = YES;
				CLANG_WARN_OBJC_ROOT_CLASS = YES_ERROR;
				CLANG_WARN_QUOTED_INCLUDE_IN_FRAMEWORK_HEADER = YES;
				CLANG_WARN_RANGE_LOOP_ANALYSIS = YES;
				CLANG_WARN_STRICT_PROTOTYPES = YES;
				CLANG_WARN_SUSPICIOUS_MOVE = YES;
				CLANG_WARN_UNGUARDED_AVAILABILITY = YES_AGGRESSIVE;
				CLANG_WARN_UNREACHABLE_CODE = YES;
				CLANG_WARN__DUPLICATE_METHOD_MATCH = YES;
				COPY_PHASE_STRIP = NO;
				DEBUG_INFORMATION_FORMAT = dwarf;
				ENABLE_STRICT_OBJC_MSGSEND = YES;
				ENABLE_TESTABILITY = YES;
				GCC_C_LANGUAGE_STANDARD = gnu11;
				GCC_DYNAMIC_NO_PIC = NO;
				GCC_NO_COMMON_BLOCKS = YES;
				GCC_OPTIMIZATION_LEVEL = 0;
				GCC_PREPROCESSOR_DEFINITIONS = (
					"DEBUG=1",
					"$(inherited)",
				);
				GCC_WARN_64_TO_32_BIT_CONVERSION = YES;
				GCC_WARN_ABOUT_RETURN_TYPE = YES_ERROR;
				GCC_WARN_UNDECLARED_SELECTOR = YES;
				GCC_WARN_UNINITIALIZED_AUTOS = YES_AGGRESSIVE;
				GCC_WARN_UNUSED_FUNCTION = YES;
				GCC_WARN_UNUSED_VARIABLE = YES;
				IPHONEOS_DEPLOYMENT_TARGET = 16.4;
				MTL_ENABLE_DEBUG_INFO = INCLUDE_SOURCE;
				MTL_FAST_MATH = YES;
				ONLY_ACTIVE_ARCH = YES;
				SDKROOT = iphoneos;
				SWIFT_ACTIVE_COMPILATION_CONDITIONS = DEBUG;
				SWIFT_OPTIMIZATION_LEVEL = "-Onone";
			};
			name = Debug;
		};
		E3E049A62A9E3F0A00675F67 /* Release */ = {
			isa = XCBuildConfiguration;
			buildSettings = {
				ALWAYS_SEARCH_USER_PATHS = NO;
				CLANG_ANALYZER_NONNULL = YES;
				CLANG_ANALYZER_NUMBER_OBJECT_CONVERSION = YES_AGGRESSIVE;
				CLANG_CXX_LANGUAGE_STANDARD = "gnu++20";
				CLANG_ENABLE_MODULES = YES;
				CLANG_ENABLE_OBJC_ARC = YES;
				CLANG_ENABLE_OBJC_WEAK = YES;
				CLANG_WARN_BLOCK_CAPTURE_AUTORELEASING = YES;
				CLANG_WARN_BOOL_CONVERSION = YES;
				CLANG_WARN_COMMA = YES;
				CLANG_WARN_CONSTANT_CONVERSION = YES;
				CLANG_WARN_DEPRECATED_OBJC_IMPLEMENTATIONS = YES;
				CLANG_WARN_DIRECT_OBJC_ISA_USAGE = YES_ERROR;
				CLANG_WARN_DOCUMENTATION_COMMENTS = YES;
				CLANG_WARN_EMPTY_BODY = YES;
				CLANG_WARN_ENUM_CONVERSION = YES;
				CLANG_WARN_INFINITE_RECURSION = YES;
				CLANG_WARN_INT_CONVERSION = YES;
				CLANG_WARN_NON_LITERAL_NULL_CONVERSION = YES;
				CLANG_WARN_OBJC_IMPLICIT_RETAIN_SELF = YES;
				CLANG_WARN_OBJC_LITERAL_CONVERSION = YES;
				CLANG_WARN_OBJC_ROOT_CLASS = YES_ERROR;
				CLANG_WARN_QUOTED_INCLUDE_IN_FRAMEWORK_HEADER = YES;
				CLANG_WARN_RANGE_LOOP_ANALYSIS = YES;
				CLANG_WARN_STRICT_PROTOTYPES = YES;
				CLANG_WARN_SUSPICIOUS_MOVE = YES;
				CLANG_WARN_UNGUARDED_AVAILABILITY = YES_AGGRESSIVE;
				CLANG_WARN_UNREACHABLE_CODE = YES;
				CLANG_WARN__DUPLICATE_METHOD_MATCH = YES;
				COPY_PHASE_STRIP = NO;
				DEBUG_INFORMATION_FORMAT = "dwarf-with-dsym";
				ENABLE_NS_ASSERTIONS = NO;
				ENABLE_STRICT_OBJC_MSGSEND = YES;
				GCC_C_LANGUAGE_STANDARD = gnu11;
				GCC_NO_COMMON_BLOCKS = YES;
				GCC_WARN_64_TO_32_BIT_CONVERSION = YES;
				GCC_WARN_ABOUT_RETURN_TYPE = YES_ERROR;
				GCC_WARN_UNDECLARED_SELECTOR = YES;
				GCC_WARN_UNINITIALIZED_AUTOS = YES_AGGRESSIVE;
				GCC_WARN_UNUSED_FUNCTION = YES;
				GCC_WARN_UNUSED_VARIABLE = YES;
				IPHONEOS_DEPLOYMENT_TARGET = 16.4;
				MTL_ENABLE_DEBUG_INFO = NO;
				MTL_FAST_MATH = YES;
				SDKROOT = iphoneos;
				SWIFT_COMPILATION_MODE = wholemodule;
				SWIFT_OPTIMIZATION_LEVEL = "-O";
				VALIDATE_PRODUCT = YES;
			};
			name = Release;
		};
		E3E049A82A9E3F0A00675F67 /* Debug */ = {
			isa = XCBuildConfiguration;
			buildSettings = {
				ASSETCATALOG_COMPILER_APPICON_NAME = AppIcon;
				ASSETCATALOG_COMPILER_GLOBAL_ACCENT_COLOR_NAME = AccentColor;
				CODE_SIGN_STYLE = Automatic;
				CURRENT_PROJECT_VERSION = 1;
				DEVELOPMENT_ASSET_PATHS = "\"LeBaluchon/Preview Content\"";
				ENABLE_PREVIEWS = YES;
				GENERATE_INFOPLIST_FILE = YES;
				INFOPLIST_FILE = LeBaluchon/Info.plist;
				INFOPLIST_KEY_UIApplicationSceneManifest_Generation = YES;
				INFOPLIST_KEY_UIApplicationSupportsIndirectInputEvents = YES;
				INFOPLIST_KEY_UILaunchScreen_Generation = YES;
				INFOPLIST_KEY_UISupportedInterfaceOrientations_iPad = "UIInterfaceOrientationPortrait UIInterfaceOrientationPortraitUpsideDown UIInterfaceOrientationLandscapeLeft UIInterfaceOrientationLandscapeRight";
				INFOPLIST_KEY_UISupportedInterfaceOrientations_iPhone = "UIInterfaceOrientationPortrait UIInterfaceOrientationLandscapeLeft UIInterfaceOrientationLandscapeRight";
				LD_RUNPATH_SEARCH_PATHS = (
					"$(inherited)",
					"@executable_path/Frameworks",
				);
				MARKETING_VERSION = 1.0;
				PRODUCT_BUNDLE_IDENTIFIER = "dylan-marteau-connect-tech.sncf.LeBaluchon";
				PRODUCT_NAME = "$(TARGET_NAME)";
				SWIFT_EMIT_LOC_STRINGS = YES;
				SWIFT_VERSION = 5.0;
				TARGETED_DEVICE_FAMILY = "1,2";
			};
			name = Debug;
		};
		E3E049A92A9E3F0A00675F67 /* Release */ = {
			isa = XCBuildConfiguration;
			buildSettings = {
				ASSETCATALOG_COMPILER_APPICON_NAME = AppIcon;
				ASSETCATALOG_COMPILER_GLOBAL_ACCENT_COLOR_NAME = AccentColor;
				CODE_SIGN_STYLE = Automatic;
				CURRENT_PROJECT_VERSION = 1;
				DEVELOPMENT_ASSET_PATHS = "\"LeBaluchon/Preview Content\"";
				ENABLE_PREVIEWS = YES;
				GENERATE_INFOPLIST_FILE = YES;
				INFOPLIST_FILE = LeBaluchon/Info.plist;
				INFOPLIST_KEY_UIApplicationSceneManifest_Generation = YES;
				INFOPLIST_KEY_UIApplicationSupportsIndirectInputEvents = YES;
				INFOPLIST_KEY_UILaunchScreen_Generation = YES;
				INFOPLIST_KEY_UISupportedInterfaceOrientations_iPad = "UIInterfaceOrientationPortrait UIInterfaceOrientationPortraitUpsideDown UIInterfaceOrientationLandscapeLeft UIInterfaceOrientationLandscapeRight";
				INFOPLIST_KEY_UISupportedInterfaceOrientations_iPhone = "UIInterfaceOrientationPortrait UIInterfaceOrientationLandscapeLeft UIInterfaceOrientationLandscapeRight";
				LD_RUNPATH_SEARCH_PATHS = (
					"$(inherited)",
					"@executable_path/Frameworks",
				);
				MARKETING_VERSION = 1.0;
				PRODUCT_BUNDLE_IDENTIFIER = "dylan-marteau-connect-tech.sncf.LeBaluchon";
				PRODUCT_NAME = "$(TARGET_NAME)";
				SWIFT_EMIT_LOC_STRINGS = YES;
				SWIFT_VERSION = 5.0;
				TARGETED_DEVICE_FAMILY = "1,2";
			};
			name = Release;
		};
		E3E049AB2A9E3F0A00675F67 /* Debug */ = {
			isa = XCBuildConfiguration;
			buildSettings = {
				ALWAYS_EMBED_SWIFT_STANDARD_LIBRARIES = YES;
				BUNDLE_LOADER = "$(TEST_HOST)";
				CODE_SIGN_STYLE = Automatic;
				CURRENT_PROJECT_VERSION = 1;
				GENERATE_INFOPLIST_FILE = YES;
				IPHONEOS_DEPLOYMENT_TARGET = 16.4;
				MARKETING_VERSION = 1.0;
				PRODUCT_BUNDLE_IDENTIFIER = "dylan-marteau-connect-tech.sncf.LeBaluchonTests";
				PRODUCT_NAME = "$(TARGET_NAME)";
				SWIFT_EMIT_LOC_STRINGS = NO;
				SWIFT_VERSION = 5.0;
				TARGETED_DEVICE_FAMILY = "1,2";
				TEST_HOST = "$(BUILT_PRODUCTS_DIR)/LeBaluchon.app/$(BUNDLE_EXECUTABLE_FOLDER_PATH)/LeBaluchon";
			};
			name = Debug;
		};
		E3E049AC2A9E3F0A00675F67 /* Release */ = {
			isa = XCBuildConfiguration;
			buildSettings = {
				ALWAYS_EMBED_SWIFT_STANDARD_LIBRARIES = YES;
				BUNDLE_LOADER = "$(TEST_HOST)";
				CODE_SIGN_STYLE = Automatic;
				CURRENT_PROJECT_VERSION = 1;
				GENERATE_INFOPLIST_FILE = YES;
				IPHONEOS_DEPLOYMENT_TARGET = 16.4;
				MARKETING_VERSION = 1.0;
				PRODUCT_BUNDLE_IDENTIFIER = "dylan-marteau-connect-tech.sncf.LeBaluchonTests";
				PRODUCT_NAME = "$(TARGET_NAME)";
				SWIFT_EMIT_LOC_STRINGS = NO;
				SWIFT_VERSION = 5.0;
				TARGETED_DEVICE_FAMILY = "1,2";
				TEST_HOST = "$(BUILT_PRODUCTS_DIR)/LeBaluchon.app/$(BUNDLE_EXECUTABLE_FOLDER_PATH)/LeBaluchon";
			};
			name = Release;
		};
		E3E049AE2A9E3F0A00675F67 /* Debug */ = {
			isa = XCBuildConfiguration;
			buildSettings = {
				ALWAYS_EMBED_SWIFT_STANDARD_LIBRARIES = YES;
				CODE_SIGN_STYLE = Automatic;
				CURRENT_PROJECT_VERSION = 1;
				GENERATE_INFOPLIST_FILE = YES;
				MARKETING_VERSION = 1.0;
				PRODUCT_BUNDLE_IDENTIFIER = "dylan-marteau-connect-tech.sncf.LeBaluchonUITests";
				PRODUCT_NAME = "$(TARGET_NAME)";
				SWIFT_EMIT_LOC_STRINGS = NO;
				SWIFT_VERSION = 5.0;
				TARGETED_DEVICE_FAMILY = "1,2";
				TEST_TARGET_NAME = LeBaluchon;
			};
			name = Debug;
		};
		E3E049AF2A9E3F0A00675F67 /* Release */ = {
			isa = XCBuildConfiguration;
			buildSettings = {
				ALWAYS_EMBED_SWIFT_STANDARD_LIBRARIES = YES;
				CODE_SIGN_STYLE = Automatic;
				CURRENT_PROJECT_VERSION = 1;
				GENERATE_INFOPLIST_FILE = YES;
				MARKETING_VERSION = 1.0;
				PRODUCT_BUNDLE_IDENTIFIER = "dylan-marteau-connect-tech.sncf.LeBaluchonUITests";
				PRODUCT_NAME = "$(TARGET_NAME)";
				SWIFT_EMIT_LOC_STRINGS = NO;
				SWIFT_VERSION = 5.0;
				TARGETED_DEVICE_FAMILY = "1,2";
				TEST_TARGET_NAME = LeBaluchon;
			};
			name = Release;
		};
/* End XCBuildConfiguration section */

/* Begin XCConfigurationList section */
		E3E0497E2A9E3F0900675F67 /* Build configuration list for PBXProject "LeBaluchon" */ = {
			isa = XCConfigurationList;
			buildConfigurations = (
				E3E049A52A9E3F0A00675F67 /* Debug */,
				E3E049A62A9E3F0A00675F67 /* Release */,
			);
			defaultConfigurationIsVisible = 0;
			defaultConfigurationName = Release;
		};
		E3E049A72A9E3F0A00675F67 /* Build configuration list for PBXNativeTarget "LeBaluchon" */ = {
			isa = XCConfigurationList;
			buildConfigurations = (
				E3E049A82A9E3F0A00675F67 /* Debug */,
				E3E049A92A9E3F0A00675F67 /* Release */,
			);
			defaultConfigurationIsVisible = 0;
			defaultConfigurationName = Release;
		};
		E3E049AA2A9E3F0A00675F67 /* Build configuration list for PBXNativeTarget "LeBaluchonTests" */ = {
			isa = XCConfigurationList;
			buildConfigurations = (
				E3E049AB2A9E3F0A00675F67 /* Debug */,
				E3E049AC2A9E3F0A00675F67 /* Release */,
			);
			defaultConfigurationIsVisible = 0;
			defaultConfigurationName = Release;
		};
		E3E049AD2A9E3F0A00675F67 /* Build configuration list for PBXNativeTarget "LeBaluchonUITests" */ = {
			isa = XCConfigurationList;
			buildConfigurations = (
				E3E049AE2A9E3F0A00675F67 /* Debug */,
				E3E049AF2A9E3F0A00675F67 /* Release */,
			);
			defaultConfigurationIsVisible = 0;
			defaultConfigurationName = Release;
		};
/* End XCConfigurationList section */
	};
	rootObject = E3E0497B2A9E3F0900675F67 /* Project object */;
}
